
Microsoft Visual Studio Solution File, Format Version 12.00
# Visual Studio Version 16
VisualStudioVersion = 16.0.31410.357
MinimumVisualStudioVersion = 10.0.40219.1
Project("{9A19103F-16F7-4668-BE54-9A1E7A4F7556}") = "CleanIMP", "CleanIMP.csproj", "{F2CCDB6A-2B02-4934-8821-01BCD7314820}"
EndProject
Project("{2150E333-8FDC-42A3-9474-1A3956D46DE8}") = "Solution Items", "Solution Items", "{35959788-284C-43EB-ADEB-E8935D7C15E9}"
	ProjectSection(SolutionItems) = preProject
		.editorconfig = .editorconfig
	EndProjectSection
EndProject
Global
	GlobalSection(SolutionConfigurationPlatforms) = preSolution
		Debug|Any CPU = Debug|Any CPU
		Release|Any CPU = Release|Any CPU
	EndGlobalSection
	GlobalSection(ProjectConfigurationPlatforms) = postSolution
		{F2CCDB6A-2B02-4934-8821-01BCD7314820}.Debug|Any CPU.ActiveCfg = Debug|Any CPU
		{F2CCDB6A-2B02-4934-8821-01BCD7314820}.Debug|Any CPU.Build.0 = Debug|Any CPU
		{F2CCDB6A-2B02-4934-8821-01BCD7314820}.Release|Any CPU.ActiveCfg = Release|Any CPU
		{F2CCDB6A-2B02-4934-8821-01BCD7314820}.Release|Any CPU.Build.0 = Release|Any CPU
	EndGlobalSection
	GlobalSection(SolutionProperties) = preSolution
		HideSolutionNode = FALSE
	EndGlobalSection
	GlobalSection(ExtensibilityGlobals) = postSolution
		SolutionGuid = {497F2EFA-C2BD-43C1-8C14-58B6B8589580}
	EndGlobalSection
EndGlobal
